// !$*UTF8*$!
{
	archiveVersion = 1;
	classes = {
	};
	objectVersion = 56;
	objects = {

/* Begin PBXBuildFile section */
		234823062FA9FC6A0021FDA4 /* LoginDemoAppApp.swift in Sources */ = {isa = PBXBuildFile; fileRef = 234823052FA9FC6A0021FDA4 /* LoginDemoAppApp.swift */; };
		234823082FA9FC6A0021FDA4 /* ContentView.swift in Sources */ = {isa = PBXBuildFile; fileRef = 234823072FA9FC6A0021FDA4 /* ContentView.swift */; };
		2348230A2FA9FC6B0021FDA4 /* Assets.xcassets in Resources */ = {isa = PBXBuildFile; fileRef = 234823092FA9FC6B0021FDA4 /* Assets.xcassets */; };
		2348230D2FA9FC6B0021FDA4 /* Preview Assets.xcassets in Resources */ = {isa = PBXBuildFile; fileRef = 2348230C2FA9FC6B0021FDA4 /* Preview Assets.xcassets */; };
		234823172FA9FC6B0021FDA4 /* LoginDemoAppTests.swift in Sources */ = {isa = PBXBuildFile; fileRef = 234823162FA9FC6B0021FDA4 /* LoginDemoAppTests.swift */; };
		DD000001DD000001DD000001 /* LoginValidatorImplTests.swift in Sources */ = {isa = PBXBuildFile; fileRef = DD000002DD000002DD000002 /* LoginValidatorImplTests.swift */; };
		EE000001EE000001EE000001 /* LoginViewModelTests.swift in Sources */ = {isa = PBXBuildFile; fileRef = EE000002EE000002EE000002 /* LoginViewModelTests.swift */; };
		FF000003FF000003FF000003 /* MockLoginService.swift in Sources */ = {isa = PBXBuildFile; fileRef = FF000002FF000002FF000002 /* MockLoginService.swift */; };
		FF000005FF000005FF000005 /* MockLoginValidator.swift in Sources */ = {isa = PBXBuildFile; fileRef = FF000004FF000004FF000004 /* MockLoginValidator.swift */; };
		234823212FA9FC6B0021FDA4 /* LoginDemoAppUITests.swift in Sources */ = {isa = PBXBuildFile; fileRef = 234823202FA9FC6B0021FDA4 /* LoginDemoAppUITests.swift */; };
		234823232FA9FC6B0021FDA4 /* LoginDemoAppUITestsLaunchTests.swift in Sources */ = {isa = PBXBuildFile; fileRef = 234823222FA9FC6B0021FDA4 /* LoginDemoAppUITestsLaunchTests.swift */; };
		2379025E2FAB50A000C68533 /* LoginValidator.swift in Sources */ = {isa = PBXBuildFile; fileRef = 2379025D2FAB50A000C68533 /* LoginValidator.swift */; };
		AA000001AA000001AA000001 /* LoginModel.swift in Sources */ = {isa = PBXBuildFile; fileRef = AA000002AA000002AA000002 /* LoginModel.swift */; };
		AA000003AA000003AA000003 /* LoginViewModel.swift in Sources */ = {isa = PBXBuildFile; fileRef = AA000004AA000004AA000004 /* LoginViewModel.swift */; };
		AA000005AA000005AA000005 /* LoginView.swift in Sources */ = {isa = PBXBuildFile; fileRef = AA000006AA000006AA000006 /* LoginView.swift */; };
		AA000007AA000007AA000007 /* LoginService.swift in Sources */ = {isa = PBXBuildFile; fileRef = AA000008AA000008AA000008 /* LoginService.swift */; };
		BB000001BB000001BB000001 /* ProfileModel.swift in Sources */ = {isa = PBXBuildFile; fileRef = BB000002BB000002BB000002 /* ProfileModel.swift */; };
		BB000003BB000003BB000003 /* ProfileViewModel.swift in Sources */ = {isa = PBXBuildFile; fileRef = BB000004BB000004BB000004 /* ProfileViewModel.swift */; };
		BB000005BB000005BB000005 /* ProfileView.swift in Sources */ = {isa = PBXBuildFile; fileRef = BB000006BB000006BB000006 /* ProfileView.swift */; };
		BB000007BB000007BB000007 /* ProfileService.swift in Sources */ = {isa = PBXBuildFile; fileRef = BB000008BB000008BB000008 /* ProfileService.swift */; };
		CC000001CC000001CC000001 /* DashboardModel.swift in Sources */ = {isa = PBXBuildFile; fileRef = CC000002CC000002CC000002 /* DashboardModel.swift */; };
		CC000003CC000003CC000003 /* DashboardViewModel.swift in Sources */ = {isa = PBXBuildFile; fileRef = CC000004CC000004CC000004 /* DashboardViewModel.swift */; };
		CC000005CC000005CC000005 /* DashboardView.swift in Sources */ = {isa = PBXBuildFile; fileRef = CC000006CC000006CC000006 /* DashboardView.swift */; };
		CC000007CC000007CC000007 /* DashboardService.swift in Sources */ = {isa = PBXBuildFile; fileRef = CC000008CC000008CC000008 /* DashboardService.swift */; };
/* End PBXBuildFile section */

/* Begin PBXContainerItemProxy section */
		234823132FA9FC6B0021FDA4 /* PBXContainerItemProxy */ = {
			isa = PBXContainerItemProxy;
			containerPortal = 234822FA2FA9FC6A0021FDA4 /* Project object */;
			proxyType = 1;
			remoteGlobalIDString = 234823012FA9FC6A0021FDA4;
			remoteInfo = LoginDemoApp;
		};
		2348231D2FA9FC6B0021FDA4 /* PBXContainerItemProxy */ = {
			isa = PBXContainerItemProxy;
			containerPortal = 234822FA2FA9FC6A0021FDA4 /* Project object */;
			proxyType = 1;
			remoteGlobalIDString = 234823012FA9FC6A0021FDA4;
			remoteInfo = LoginDemoApp;
		};
/* End PBXContainerItemProxy section */

/* Begin PBXFileReference section */
		234823022FA9FC6A0021FDA4 /* LoginDemoApp.app */ = {isa = PBXFileReference; explicitFileType = wrapper.application; includeInIndex = 0; path = LoginDemoApp.app; sourceTree = BUILT_PRODUCTS_DIR; };
		234823052FA9FC6A0021FDA4 /* LoginDemoAppApp.swift */ = {isa = PBXFileReference; lastKnownFileType = sourcecode.swift; path = LoginDemoAppApp.swift; sourceTree = "<group>"; };
		234823072FA9FC6A0021FDA4 /* ContentView.swift */ = {isa = PBXFileReference; lastKnownFileType = sourcecode.swift; path = ContentView.swift; sourceTree = "<group>"; };
		234823092FA9FC6B0021FDA4 /* Assets.xcassets */ = {isa = PBXFileReference; lastKnownFileType = folder.assetcatalog; path = Assets.xcassets; sourceTree = "<group>"; };
		2348230C2FA9FC6B0021FDA4 /* Preview Assets.xcassets */ = {isa = PBXFileReference; lastKnownFileType = folder.assetcatalog; path = "Preview Assets.xcassets"; sourceTree = "<group>"; };
		234823122FA9FC6B0021FDA4 /* LoginDemoAppTests.xctest */ = {isa = PBXFileReference; explicitFileType = wrapper.cfbundle; includeInIndex = 0; path = LoginDemoAppTests.xctest; sourceTree = BUILT_PRODUCTS_DIR; };
		234823162FA9FC6B0021FDA4 /* LoginDemoAppTests.swift */ = {isa = PBXFileReference; lastKnownFileType = sourcecode.swift; path = LoginDemoAppTests.swift; sourceTree = "<group>"; };
		DD000002DD000002DD000002 /* LoginValidatorImplTests.swift */ = {isa = PBXFileReference; lastKnownFileType = sourcecode.swift; path = LoginValidatorImplTests.swift; sourceTree = "<group>"; };
		EE000002EE000002EE000002 /* LoginViewModelTests.swift */ = {isa = PBXFileReference; lastKnownFileType = sourcecode.swift; path = LoginViewModelTests.swift; sourceTree = "<group>"; };
		FF000002FF000002FF000002 /* MockLoginService.swift */ = {isa = PBXFileReference; lastKnownFileType = sourcecode.swift; path = MockLoginService.swift; sourceTree = "<group>"; };
		FF000004FF000004FF000004 /* MockLoginValidator.swift */ = {isa = PBXFileReference; lastKnownFileType = sourcecode.swift; path = MockLoginValidator.swift; sourceTree = "<group>"; };
		2348231C2FA9FC6B0021FDA4 /* LoginDemoAppUITests.xctest */ = {isa = PBXFileReference; explicitFileType = wrapper.cfbundle; includeInIndex = 0; path = LoginDemoAppUITests.xctest; sourceTree = BUILT_PRODUCTS_DIR; };
		234823202FA9FC6B0021FDA4 /* LoginDemoAppUITests.swift */ = {isa = PBXFileReference; lastKnownFileType = sourcecode.swift; path = LoginDemoAppUITests.swift; sourceTree = "<group>"; };
		234823222FA9FC6B0021FDA4 /* LoginDemoAppUITestsLaunchTests.swift */ = {isa = PBXFileReference; lastKnownFileType = sourcecode.swift; path = LoginDemoAppUITestsLaunchTests.swift; sourceTree = "<group>"; };
		2379025D2FAB50A000C68533 /* LoginValidator.swift */ = {isa = PBXFileReference; lastKnownFileType = sourcecode.swift; path = LoginValidator.swift; sourceTree = "<group>"; };
		AA000002AA000002AA000002 /* LoginModel.swift */ = {isa = PBXFileReference; lastKnownFileType = sourcecode.swift; path = LoginModel.swift; sourceTree = "<group>"; };
		AA000004AA000004AA000004 /* LoginViewModel.swift */ = {isa = PBXFileReference; lastKnownFileType = sourcecode.swift; path = LoginViewModel.swift; sourceTree = "<group>"; };
		AA000006AA000006AA000006 /* LoginView.swift */ = {isa = PBXFileReference; lastKnownFileType = sourcecode.swift; path = LoginView.swift; sourceTree = "<group>"; };
		AA000008AA000008AA000008 /* LoginService.swift */ = {isa = PBXFileReference; lastKnownFileType = sourcecode.swift; path = LoginService.swift; sourceTree = "<group>"; };
		BB000002BB000002BB000002 /* ProfileModel.swift */ = {isa = PBXFileReference; lastKnownFileType = sourcecode.swift; path = ProfileModel.swift; sourceTree = "<group>"; };
		BB000004BB000004BB000004 /* ProfileViewModel.swift */ = {isa = PBXFileReference; lastKnownFileType = sourcecode.swift; path = ProfileViewModel.swift; sourceTree = "<group>"; };
		BB000006BB000006BB000006 /* ProfileView.swift */ = {isa = PBXFileReference; lastKnownFileType = sourcecode.swift; path = ProfileView.swift; sourceTree = "<group>"; };
		BB000008BB000008BB000008 /* ProfileService.swift */ = {isa = PBXFileReference; lastKnownFileType = sourcecode.swift; path = ProfileService.swift; sourceTree = "<group>"; };
		CC000002CC000002CC000002 /* DashboardModel.swift */ = {isa = PBXFileReference; lastKnownFileType = sourcecode.swift; path = DashboardModel.swift; sourceTree = "<group>"; };
		CC000004CC000004CC000004 /* DashboardViewModel.swift */ = {isa = PBXFileReference; lastKnownFileType = sourcecode.swift; path = DashboardViewModel.swift; sourceTree = "<group>"; };
		CC000006CC000006CC000006 /* DashboardView.swift */ = {isa = PBXFileReference; lastKnownFileType = sourcecode.swift; path = DashboardView.swift; sourceTree = "<group>"; };
		CC000008CC000008CC000008 /* DashboardService.swift */ = {isa = PBXFileReference; lastKnownFileType = sourcecode.swift; path = DashboardService.swift; sourceTree = "<group>"; };
/* End PBXFileReference section */

/* Begin PBXFrameworksBuildPhase section */
		234822FF2FA9FC6A0021FDA4 /* Frameworks */ = {
			isa = PBXFrameworksBuildPhase;
			buildActionMask = 2147483647;
			files = (
			);
			runOnlyForDeploymentPostprocessing = 0;
		};
		2348230F2FA9FC6B0021FDA4 /* Frameworks */ = {
			isa = PBXFrameworksBuildPhase;
			buildActionMask = 2147483647;
			files = (
			);
			runOnlyForDeploymentPostprocessing = 0;
		};
		234823192FA9FC6B0021FDA4 /* Frameworks */ = {
			isa = PBXFrameworksBuildPhase;
			buildActionMask = 2147483647;
			files = (
			);
			runOnlyForDeploymentPostprocessing = 0;
		};
/* End PBXFrameworksBuildPhase section */

/* Begin PBXGroup section */
		234822F92FA9FC6A0021FDA4 = {
			isa = PBXGroup;
			children = (
				234823042FA9FC6A0021FDA4 /* LoginDemoApp */,
				234823152FA9FC6B0021FDA4 /* LoginDemoAppTests */,
				2348231F2FA9FC6B0021FDA4 /* LoginDemoAppUITests */,
				234823032FA9FC6A0021FDA4 /* Products */,
			);
			sourceTree = "<group>";
		};
		234823032FA9FC6A0021FDA4 /* Products */ = {
			isa = PBXGroup;
			children = (
				234823022FA9FC6A0021FDA4 /* LoginDemoApp.app */,
				234823122FA9FC6B0021FDA4 /* LoginDemoAppTests.xctest */,
				2348231C2FA9FC6B0021FDA4 /* LoginDemoAppUITests.xctest */,
			);
			name = Products;
			sourceTree = "<group>";
		};
		234823042FA9FC6A0021FDA4 /* LoginDemoApp */ = {
			isa = PBXGroup;
			children = (
				2379025C2FAB508F00C68533 /* Validators */,
				234823052FA9FC6A0021FDA4 /* LoginDemoAppApp.swift */,
				234823072FA9FC6A0021FDA4 /* ContentView.swift */,
				234823092FA9FC6B0021FDA4 /* Assets.xcassets */,
				2348230B2FA9FC6B0021FDA4 /* Preview Content */,
				AA000010AA000010AA000010 /* Feature */,
			);
			path = LoginDemoApp;
			sourceTree = "<group>";
		};
		2348230B2FA9FC6B0021FDA4 /* Preview Content */ = {
			isa = PBXGroup;
			children = (
				2348230C2FA9FC6B0021FDA4 /* Preview Assets.xcassets */,
			);
			path = "Preview Content";
			sourceTree = "<group>";
		};
		234823152FA9FC6B0021FDA4 /* LoginDemoAppTests */ = {
			isa = PBXGroup;
			children = (
				FF000001FF000001FF000001 /* Mocks */,
				234823162FA9FC6B0021FDA4 /* LoginDemoAppTests.swift */,
				DD000002DD000002DD000002 /* LoginValidatorImplTests.swift */,
				EE000002EE000002EE000002 /* LoginViewModelTests.swift */,
			);
			path = LoginDemoAppTests;
			sourceTree = "<group>";
		};
		FF000001FF000001FF000001 /* Mocks */ = {
			isa = PBXGroup;
			children = (
				FF000002FF000002FF000002 /* MockLoginService.swift */,
				FF000004FF000004FF000004 /* MockLoginValidator.swift */,
			);
			path = Mocks;
			sourceTree = "<group>";
		};
		2348231F2FA9FC6B0021FDA4 /* LoginDemoAppUITests */ = {
			isa = PBXGroup;
			children = (
				234823202FA9FC6B0021FDA4 /* LoginDemoAppUITests.swift */,
				234823222FA9FC6B0021FDA4 /* LoginDemoAppUITestsLaunchTests.swift */,
			);
			path = LoginDemoAppUITests;
			sourceTree = "<group>";
		};
		2379025C2FAB508F00C68533 /* Validators */ = {
			isa = PBXGroup;
			children = (
				2379025D2FAB50A000C68533 /* LoginValidator.swift */,
			);
			path = Validators;
			sourceTree = "<group>";
		};
		AA000010AA000010AA000010 /* Feature */ = {
			isa = PBXGroup;
			children = (
				AA000011AA000011AA000011 /* Login */,
				BB000011BB000011BB000011 /* Profile */,
				CC000011CC000011CC000011 /* Dashboard */,
			);
			path = Feature;
			sourceTree = "<group>";
		};
		AA000011AA000011AA000011 /* Login */ = {
			isa = PBXGroup;
			children = (
				AA000012AA000012AA000012 /* Model */,
				AA000013AA000013AA000013 /* ViewModel */,
				AA000014AA000014AA000014 /* View */,
				AA000015AA000015AA000015 /* Service */,
			);
			path = Login;
			sourceTree = "<group>";
		};
		AA000012AA000012AA000012 /* Model */ = {
			isa = PBXGroup;
			children = (
				AA000002AA000002AA000002 /* LoginModel.swift */,
			);
			path = Model;
			sourceTree = "<group>";
		};
		AA000013AA000013AA000013 /* ViewModel */ = {
			isa = PBXGroup;
			children = (
				AA000004AA000004AA000004 /* LoginViewModel.swift */,
			);
			path = ViewModel;
			sourceTree = "<group>";
		};
		AA000014AA000014AA000014 /* View */ = {
			isa = PBXGroup;
			children = (
				AA000006AA000006AA000006 /* LoginView.swift */,
			);
			path = View;
			sourceTree = "<group>";
		};
		AA000015AA000015AA000015 /* Service */ = {
			isa = PBXGroup;
			children = (
				AA000008AA000008AA000008 /* LoginService.swift */,
			);
			path = Service;
			sourceTree = "<group>";
		};
		BB000011BB000011BB000011 /* Profile */ = {
			isa = PBXGroup;
			children = (
				BB000012BB000012BB000012 /* Model */,
				BB000013BB000013BB000013 /* ViewModel */,
				BB000014BB000014BB000014 /* View */,
				BB000015BB000015BB000015 /* Service */,
			);
			path = Profile;
			sourceTree = "<group>";
		};
		BB000012BB000012BB000012 /* Model */ = {
			isa = PBXGroup;
			children = (
				BB000002BB000002BB000002 /* ProfileModel.swift */,
			);
			path = Model;
			sourceTree = "<group>";
		};
		BB000013BB000013BB000013 /* ViewModel */ = {
			isa = PBXGroup;
			children = (
				BB000004BB000004BB000004 /* ProfileViewModel.swift */,
			);
			path = ViewModel;
			sourceTree = "<group>";
		};
		BB000014BB000014BB000014 /* View */ = {
			isa = PBXGroup;
			children = (
				BB000006BB000006BB000006 /* ProfileView.swift */,
			);
			path = View;
			sourceTree = "<group>";
		};
		BB000015BB000015BB000015 /* Service */ = {
			isa = PBXGroup;
			children = (
				BB000008BB000008BB000008 /* ProfileService.swift */,
			);
			path = Service;
			sourceTree = "<group>";
		};
		CC000011CC000011CC000011 /* Dashboard */ = {
			isa = PBXGroup;
			children = (
				CC000012CC000012CC000012 /* Model */,
				CC000013CC000013CC000013 /* ViewModel */,
				CC000014CC000014CC000014 /* View */,
				CC000015CC000015CC000015 /* Service */,
			);
			path = Dashboard;
			sourceTree = "<group>";
		};
		CC000012CC000012CC000012 /* Model */ = {
			isa = PBXGroup;
			children = (
				CC000002CC000002CC000002 /* DashboardModel.swift */,
			);
			path = Model;
			sourceTree = "<group>";
		};
		CC000013CC000013CC000013 /* ViewModel */ = {
			isa = PBXGroup;
			children = (
				CC000004CC000004CC000004 /* DashboardViewModel.swift */,
			);
			path = ViewModel;
			sourceTree = "<group>";
		};
		CC000014CC000014CC000014 /* View */ = {
			isa = PBXGroup;
			children = (
				CC000006CC000006CC000006 /* DashboardView.swift */,
			);
			path = View;
			sourceTree = "<group>";
		};
		CC000015CC000015CC000015 /* Service */ = {
			isa = PBXGroup;
			children = (
				CC000008CC000008CC000008 /* DashboardService.swift */,
			);
			path = Service;
			sourceTree = "<group>";
		};
/* End PBXGroup section */

/* Begin PBXNativeTarget section */
		234823012FA9FC6A0021FDA4 /* LoginDemoApp */ = {
			isa = PBXNativeTarget;
			buildConfigurationList = 234823262FA9FC6B0021FDA4 /* Build configuration list for PBXNativeTarget "LoginDemoApp" */;
			buildPhases = (
				234822FE2FA9FC6A0021FDA4 /* Sources */,
				234822FF2FA9FC6A0021FDA4 /* Frameworks */,
				234823002FA9FC6A0021FDA4 /* Resources */,
			);
			buildRules = (
			);
			dependencies = (
			);
			name = LoginDemoApp;
			productName = LoginDemoApp;
			productReference = 234823022FA9FC6A0021FDA4 /* LoginDemoApp.app */;
			productType = "com.apple.product-type.application";
		};
		234823112FA9FC6B0021FDA4 /* LoginDemoAppTests */ = {
			isa = PBXNativeTarget;
			buildConfigurationList = 234823292FA9FC6B0021FDA4 /* Build configuration list for PBXNativeTarget "LoginDemoAppTests" */;
			buildPhases = (
				2348230E2FA9FC6B0021FDA4 /* Sources */,
				2348230F2FA9FC6B0021FDA4 /* Frameworks */,
				234823102FA9FC6B0021FDA4 /* Resources */,
			);
			buildRules = (
			);
			dependencies = (
				234823142FA9FC6B0021FDA4 /* PBXTargetDependency */,
			);
			name = LoginDemoAppTests;
			productName = LoginDemoAppTests;
			productReference = 234823122FA9FC6B0021FDA4 /* LoginDemoAppTests.xctest */;
			productType = "com.apple.product-type.bundle.unit-test";
		};
		2348231B2FA9FC6B0021FDA4 /* LoginDemoAppUITests */ = {
			isa = PBXNativeTarget;
			buildConfigurationList = 2348232C2FA9FC6B0021FDA4 /* Build configuration list for PBXNativeTarget "LoginDemoAppUITests" */;
			buildPhases = (
				234823182FA9FC6B0021FDA4 /* Sources */,
				234823192FA9FC6B0021FDA4 /* Frameworks */,
				2348231A2FA9FC6B0021FDA4 /* Resources */,
			);
			buildRules = (
			);
			dependencies = (
				2348231E2FA9FC6B0021FDA4 /* PBXTargetDependency */,
			);
			name = LoginDemoAppUITests;
			productName = LoginDemoAppUITests;
			productReference = 2348231C2FA9FC6B0021FDA4 /* LoginDemoAppUITests.xctest */;
			productType = "com.apple.product-type.bundle.ui-testing";
		};
/* End PBXNativeTarget section */

/* Begin PBXProject section */
		234822FA2FA9FC6A0021FDA4 /* Project object */ = {
			isa = PBXProject;
			attributes = {
				BuildIndependentTargetsInParallel = 1;
				LastSwiftUpdateCheck = 1500;
				LastUpgradeCheck = 1500;
				TargetAttributes = {
					234823012FA9FC6A0021FDA4 = {
						CreatedOnToolsVersion = 15.0.1;
					};
					234823112FA9FC6B0021FDA4 = {
						CreatedOnToolsVersion = 15.0.1;
						TestTargetID = 234823012FA9FC6A0021FDA4;
					};
					2348231B2FA9FC6B0021FDA4 = {
						CreatedOnToolsVersion = 15.0.1;
						TestTargetID = 234823012FA9FC6A0021FDA4;
					};
				};
			};
			buildConfigurationList = 234822FD2FA9FC6A0021FDA4 /* Build configuration list for PBXProject "LoginDemoApp" */;
			compatibilityVersion = "Xcode 14.0";
			developmentRegion = en;
			hasScannedForEncodings = 0;
			knownRegions = (
				en,
				Base,
			);
			mainGroup = 234822F92FA9FC6A0021FDA4;
			productRefGroup = 234823032FA9FC6A0021FDA4 /* Products */;
			projectDirPath = "";
			projectRoot = "";
			targets = (
				234823012FA9FC6A0021FDA4 /* LoginDemoApp */,
				234823112FA9FC6B0021FDA4 /* LoginDemoAppTests */,
				2348231B2FA9FC6B0021FDA4 /* LoginDemoAppUITests */,
			);
		};
/* End PBXProject section */

/* Begin PBXResourcesBuildPhase section */
		234823002FA9FC6A0021FDA4 /* Resources */ = {
			isa = PBXResourcesBuildPhase;
			buildActionMask = 2147483647;
			files = (
				2348230D2FA9FC6B0021FDA4 /* Preview Assets.xcassets in Resources */,
				2348230A2FA9FC6B0021FDA4 /* Assets.xcassets in Resources */,
			);
			runOnlyForDeploymentPostprocessing = 0;
		};
		234823102FA9FC6B0021FDA4 /* Resources */ = {
			isa = PBXResourcesBuildPhase;
			buildActionMask = 2147483647;
			files = (
			);
			runOnlyForDeploymentPostprocessing = 0;
		};
		2348231A2FA9FC6B0021FDA4 /* Resources */ = {
			isa = PBXResourcesBuildPhase;
			buildActionMask = 2147483647;
			files = (
			);
			runOnlyForDeploymentPostprocessing = 0;
		};
/* End PBXResourcesBuildPhase section */

/* Begin PBXSourcesBuildPhase section */
		234822FE2FA9FC6A0021FDA4 /* Sources */ = {
			isa = PBXSourcesBuildPhase;
			buildActionMask = 2147483647;
			files = (
				234823082FA9FC6A0021FDA4 /* ContentView.swift in Sources */,
				234823062FA9FC6A0021FDA4 /* LoginDemoAppApp.swift in Sources */,
				AA000001AA000001AA000001 /* LoginModel.swift in Sources */,
				AA000003AA000003AA000003 /* LoginViewModel.swift in Sources */,
				AA000005AA000005AA000005 /* LoginView.swift in Sources */,
				AA000007AA000007AA000007 /* LoginService.swift in Sources */,
				BB000001BB000001BB000001 /* ProfileModel.swift in Sources */,
				BB000003BB000003BB000003 /* ProfileViewModel.swift in Sources */,
				BB000005BB000005BB000005 /* ProfileView.swift in Sources */,
				2379025E2FAB50A000C68533 /* LoginValidator.swift in Sources */,
				BB000007BB000007BB000007 /* ProfileService.swift in Sources */,
				CC000001CC000001CC000001 /* DashboardModel.swift in Sources */,
				CC000003CC000003CC000003 /* DashboardViewModel.swift in Sources */,
				CC000005CC000005CC000005 /* DashboardView.swift in Sources */,
				CC000007CC000007CC000007 /* DashboardService.swift in Sources */,
			);
			runOnlyForDeploymentPostprocessing = 0;
		};
		2348230E2FA9FC6B0021FDA4 /* Sources */ = {
			isa = PBXSourcesBuildPhase;
			buildActionMask = 2147483647;
			files = (
				234823172FA9FC6B0021FDA4 /* LoginDemoAppTests.swift in Sources */,
				DD000001DD000001DD000001 /* LoginValidatorImplTests.swift in Sources */,
				EE000001EE000001EE000001 /* LoginViewModelTests.swift in Sources */,
				FF000003FF000003FF000003 /* MockLoginService.swift in Sources */,
				FF000005FF000005FF000005 /* MockLoginValidator.swift in Sources */,
			);
			runOnlyForDeploymentPostprocessing = 0;
		};
		234823182FA9FC6B0021FDA4 /* Sources */ = {
			isa = PBXSourcesBuildPhase;
			buildActionMask = 2147483647;
			files = (
				234823212FA9FC6B0021FDA4 /* LoginDemoAppUITests.swift in Sources */,
				234823232FA9FC6B0021FDA4 /* LoginDemoAppUITestsLaunchTests.swift in Sources */,
			);
			runOnlyForDeploymentPostprocessing = 0;
		};
/* End PBXSourcesBuildPhase section */

/* Begin PBXTargetDependency section */
		234823142FA9FC6B0021FDA4 /* PBXTargetDependency */ = {
			isa = PBXTargetDependency;
			target = 234823012FA9FC6A0021FDA4 /* LoginDemoApp */;
			targetProxy = 234823132FA9FC6B0021FDA4 /* PBXContainerItemProxy */;
		};
		2348231E2FA9FC6B0021FDA4 /* PBXTargetDependency */ = {
			isa = PBXTargetDependency;
			target = 234823012FA9FC6A0021FDA4 /* LoginDemoApp */;
			targetProxy = 2348231D2FA9FC6B0021FDA4 /* PBXContainerItemProxy */;
		};
/* End PBXTargetDependency section */

/* Begin XCBuildConfiguration section */
		234823242FA9FC6B0021FDA4 /* Debug */ = {
			isa = XCBuildConfiguration;
			buildSettings = {
				ALWAYS_SEARCH_USER_PATHS = NO;
				ASSETCATALOG_COMPILER_GENERATE_SWIFT_ASSET_SYMBOL_EXTENSIONS = YES;
				CLANG_ANALYZER_NONNULL = YES;
				CLANG_ANALYZER_NUMBER_OBJECT_CONVERSION = YES_AGGRESSIVE;
				CLANG_CXX_LANGUAGE_STANDARD = "gnu++20";
				CLANG_ENABLE_MODULES = YES;
				CLANG_ENABLE_OBJC_ARC = YES;
				CLANG_ENABLE_OBJC_WEAK = YES;
				CLANG_WARN_BLOCK_CAPTURE_AUTORELEASING = YES;
				CLANG_WARN_BOOL_CONVERSION = YES;
				CLANG_WARN_COMMA = YES;
				CLANG_WARN_CONSTANT_CONVERSION = YES;
				CLANG_WARN_DEPRECATED_OBJC_IMPLEMENTATIONS = YES;
				CLANG_WARN_DIRECT_OBJC_ISA_USAGE = YES_ERROR;
				CLANG_WARN_DOCUMENTATION_COMMENTS = YES;
				CLANG_WARN_EMPTY_BODY = YES;
				CLANG_WARN_ENUM_CONVERSION = YES;
				CLANG_WARN_INFINITE_RECURSION = YES;
				CLANG_WARN_INT_CONVERSION = YES;
				CLANG_WARN_NON_LITERAL_NULL_CONVERSION = YES;
				CLANG_WARN_OBJC_IMPLICIT_RETAIN_SELF = YES;
				CLANG_WARN_OBJC_LITERAL_CONVERSION = YES;
				CLANG_WARN_OBJC_ROOT_CLASS = YES_ERROR;
				CLANG_WARN_QUOTED_INCLUDE_IN_FRAMEWORK_HEADER = YES;
				CLANG_WARN_RANGE_LOOP_ANALYSIS = YES;
				CLANG_WARN_STRICT_PROTOTYPES = YES;
				CLANG_WARN_SUSPICIOUS_MOVE = YES;
				CLANG_WARN_UNGUARDED_AVAILABILITY = YES_AGGRESSIVE;
				CLANG_WARN_UNREACHABLE_CODE = YES;
				CLANG_WARN__DUPLICATE_METHOD_MATCH = YES;
				COPY_PHASE_STRIP = NO;
				DEBUG_INFORMATION_FORMAT = dwarf;
				ENABLE_STRICT_OBJC_MSGSEND = YES;
				ENABLE_TESTABILITY = YES;
				ENABLE_USER_SCRIPT_SANDBOXING = YES;
				GCC_C_LANGUAGE_STANDARD = gnu17;
				GCC_DYNAMIC_NO_PIC = NO;
				GCC_NO_COMMON_BLOCKS = YES;
				GCC_OPTIMIZATION_LEVEL = 0;
				GCC_PREPROCESSOR_DEFINITIONS = (
					"DEBUG=1",
					"$(inherited)",
				);
				GCC_WARN_64_TO_32_BIT_CONVERSION = YES;
				GCC_WARN_ABOUT_RETURN_TYPE = YES_ERROR;
				GCC_WARN_UNDECLARED_SELECTOR = YES;
				GCC_WARN_UNINITIALIZED_AUTOS = YES_AGGRESSIVE;
				GCC_WARN_UNUSED_FUNCTION = YES;
				GCC_WARN_UNUSED_VARIABLE = YES;
				IPHONEOS_DEPLOYMENT_TARGET = 17.0;
				LOCALIZATION_PREFERS_STRING_CATALOGS = YES;
				MTL_ENABLE_DEBUG_INFO = INCLUDE_SOURCE;
				MTL_FAST_MATH = YES;
				ONLY_ACTIVE_ARCH = YES;
				SDKROOT = iphoneos;
				SWIFT_ACTIVE_COMPILATION_CONDITIONS = "DEBUG $(inherited)";
				SWIFT_OPTIMIZATION_LEVEL = "-Onone";
			};
			name = Debug;
		};
		234823252FA9FC6B0021FDA4 /* Release */ = {
			isa = XCBuildConfiguration;
			buildSettings = {
				ALWAYS_SEARCH_USER_PATHS = NO;
				ASSETCATALOG_COMPILER_GENERATE_SWIFT_ASSET_SYMBOL_EXTENSIONS = YES;
				CLANG_ANALYZER_NONNULL = YES;
				CLANG_ANALYZER_NUMBER_OBJECT_CONVERSION = YES_AGGRESSIVE;
				CLANG_CXX_LANGUAGE_STANDARD = "gnu++20";
				CLANG_ENABLE_MODULES = YES;
				CLANG_ENABLE_OBJC_ARC = YES;
				CLANG_ENABLE_OBJC_WEAK = YES;
				CLANG_WARN_BLOCK_CAPTURE_AUTORELEASING = YES;
				CLANG_WARN_BOOL_CONVERSION = YES;
				CLANG_WARN_COMMA = YES;
				CLANG_WARN_CONSTANT_CONVERSION = YES;
				CLANG_WARN_DEPRECATED_OBJC_IMPLEMENTATIONS = YES;
				CLANG_WARN_DIRECT_OBJC_ISA_USAGE = YES_ERROR;
				CLANG_WARN_DOCUMENTATION_COMMENTS = YES;
				CLANG_WARN_EMPTY_BODY = YES;
				CLANG_WARN_ENUM_CONVERSION = YES;
				CLANG_WARN_INFINITE_RECURSION = YES;
				CLANG_WARN_INT_CONVERSION = YES;
				CLANG_WARN_NON_LITERAL_NULL_CONVERSION = YES;
				CLANG_WARN_OBJC_IMPLICIT_RETAIN_SELF = YES;
				CLANG_WARN_OBJC_LITERAL_CONVERSION = YES;
				CLANG_WARN_OBJC_ROOT_CLASS = YES_ERROR;
				CLANG_WARN_QUOTED_INCLUDE_IN_FRAMEWORK_HEADER = YES;
				CLANG_WARN_RANGE_LOOP_ANALYSIS = YES;
				CLANG_WARN_STRICT_PROTOTYPES = YES;
				CLANG_WARN_SUSPICIOUS_MOVE = YES;
				CLANG_WARN_UNGUARDED_AVAILABILITY = YES_AGGRESSIVE;
				CLANG_WARN_UNREACHABLE_CODE = YES;
				CLANG_WARN__DUPLICATE_METHOD_MATCH = YES;
				COPY_PHASE_STRIP = NO;
				DEBUG_INFORMATION_FORMAT = "dwarf-with-dsym";
				ENABLE_NS_ASSERTIONS = NO;
				ENABLE_STRICT_OBJC_MSGSEND = YES;
				ENABLE_USER_SCRIPT_SANDBOXING = YES;
				GCC_C_LANGUAGE_STANDARD = gnu17;
				GCC_NO_COMMON_BLOCKS = YES;
				GCC_WARN_64_TO_32_BIT_CONVERSION = YES;
				GCC_WARN_ABOUT_RETURN_TYPE = YES_ERROR;
				GCC_WARN_UNDECLARED_SELECTOR = YES;
				GCC_WARN_UNINITIALIZED_AUTOS = YES_AGGRESSIVE;
				GCC_WARN_UNUSED_FUNCTION = YES;
				GCC_WARN_UNUSED_VARIABLE = YES;
				IPHONEOS_DEPLOYMENT_TARGET = 17.0;
				LOCALIZATION_PREFERS_STRING_CATALOGS = YES;
				MTL_ENABLE_DEBUG_INFO = NO;
				MTL_FAST_MATH = YES;
				SDKROOT = iphoneos;
				SWIFT_COMPILATION_MODE = wholemodule;
				VALIDATE_PRODUCT = YES;
			};
			name = Release;
		};
		234823272FA9FC6B0021FDA4 /* Debug */ = {
			isa = XCBuildConfiguration;
			buildSettings = {
				ASSETCATALOG_COMPILER_APPICON_NAME = AppIcon;
				ASSETCATALOG_COMPILER_GLOBAL_ACCENT_COLOR_NAME = AccentColor;
				CODE_SIGN_STYLE = Automatic;
				CURRENT_PROJECT_VERSION = 1;
				DEVELOPMENT_ASSET_PATHS = "\"LoginDemoApp/Preview Content\"";
				DEVELOPMENT_TEAM = 9GT32B45TY;
				ENABLE_PREVIEWS = YES;
				GENERATE_INFOPLIST_FILE = YES;
				INFOPLIST_KEY_UIApplicationSceneManifest_Generation = YES;
				INFOPLIST_KEY_UIApplicationSupportsIndirectInputEvents = YES;
				INFOPLIST_KEY_UILaunchScreen_Generation = YES;
				INFOPLIST_KEY_UISupportedInterfaceOrientations_iPad = "UIInterfaceOrientationPortrait UIInterfaceOrientationPortraitUpsideDown UIInterfaceOrientationLandscapeLeft UIInterfaceOrientationLandscapeRight";
				INFOPLIST_KEY_UISupportedInterfaceOrientations_iPhone = "UIInterfaceOrientationPortrait UIInterfaceOrientationLandscapeLeft UIInterfaceOrientationLandscapeRight";
				LD_RUNPATH_SEARCH_PATHS = (
					"$(inherited)",
					"@executable_path/Frameworks",
				);
				MARKETING_VERSION = 1.0;
				PRODUCT_BUNDLE_IDENTIFIER = com.capgemini.www.LoginDemoApp;
				PRODUCT_NAME = "$(TARGET_NAME)";
				SWIFT_EMIT_LOC_STRINGS = YES;
				SWIFT_VERSION = 5.0;
				TARGETED_DEVICE_FAMILY = "1,2";
			};
			name = Debug;
		};
		234823282FA9FC6B0021FDA4 /* Release */ = {
			isa = XCBuildConfiguration;
			buildSettings = {
				ASSETCATALOG_COMPILER_APPICON_NAME = AppIcon;
				ASSETCATALOG_COMPILER_GLOBAL_ACCENT_COLOR_NAME = AccentColor;
				CODE_SIGN_STYLE = Automatic;
				CURRENT_PROJECT_VERSION = 1;
				DEVELOPMENT_ASSET_PATHS = "\"LoginDemoApp/Preview Content\"";
				DEVELOPMENT_TEAM = 9GT32B45TY;
				ENABLE_PREVIEWS = YES;
				GENERATE_INFOPLIST_FILE = YES;
				INFOPLIST_KEY_UIApplicationSceneManifest_Generation = YES;
				INFOPLIST_KEY_UIApplicationSupportsIndirectInputEvents = YES;
				INFOPLIST_KEY_UILaunchScreen_Generation = YES;
				INFOPLIST_KEY_UISupportedInterfaceOrientations_iPad = "UIInterfaceOrientationPortrait UIInterfaceOrientationPortraitUpsideDown UIInterfaceOrientationLandscapeLeft UIInterfaceOrientationLandscapeRight";
				INFOPLIST_KEY_UISupportedInterfaceOrientations_iPhone = "UIInterfaceOrientationPortrait UIInterfaceOrientationLandscapeLeft UIInterfaceOrientationLandscapeRight";
				LD_RUNPATH_SEARCH_PATHS = (
					"$(inherited)",
					"@executable_path/Frameworks",
				);
				MARKETING_VERSION = 1.0;
				PRODUCT_BUNDLE_IDENTIFIER = com.capgemini.www.LoginDemoApp;
				PRODUCT_NAME = "$(TARGET_NAME)";
				SWIFT_EMIT_LOC_STRINGS = YES;
				SWIFT_VERSION = 5.0;
				TARGETED_DEVICE_FAMILY = "1,2";
			};
			name = Release;
		};
		2348232A2FA9FC6B0021FDA4 /* Debug */ = {
			isa = XCBuildConfiguration;
			buildSettings = {
				ALWAYS_EMBED_SWIFT_STANDARD_LIBRARIES = YES;
				BUNDLE_LOADER = "$(TEST_HOST)";
				CODE_SIGN_STYLE = Automatic;
				CURRENT_PROJECT_VERSION = 1;
				DEVELOPMENT_TEAM = 9GT32B45TY;
				GENERATE_INFOPLIST_FILE = YES;
				IPHONEOS_DEPLOYMENT_TARGET = 17.0;
				MARKETING_VERSION = 1.0;
				PRODUCT_BUNDLE_IDENTIFIER = com.capgemini.www.LoginDemoAppTests;
				PRODUCT_NAME = "$(TARGET_NAME)";
				SWIFT_EMIT_LOC_STRINGS = NO;
				SWIFT_VERSION = 5.0;
				TARGETED_DEVICE_FAMILY = "1,2";
				TEST_HOST = "$(BUILT_PRODUCTS_DIR)/LoginDemoApp.app/$(BUNDLE_EXECUTABLE_FOLDER_PATH)/LoginDemoApp";
			};
			name = Debug;
		};
		2348232B2FA9FC6B0021FDA4 /* Release */ = {
			isa = XCBuildConfiguration;
			buildSettings = {
				ALWAYS_EMBED_SWIFT_STANDARD_LIBRARIES = YES;
				BUNDLE_LOADER = "$(TEST_HOST)";
				CODE_SIGN_STYLE = Automatic;
				CURRENT_PROJECT_VERSION = 1;
				DEVELOPMENT_TEAM = 9GT32B45TY;
				GENERATE_INFOPLIST_FILE = YES;
				IPHONEOS_DEPLOYMENT_TARGET = 17.0;
				MARKETING_VERSION = 1.0;
				PRODUCT_BUNDLE_IDENTIFIER = com.capgemini.www.LoginDemoAppTests;
				PRODUCT_NAME = "$(TARGET_NAME)";
				SWIFT_EMIT_LOC_STRINGS = NO;
				SWIFT_VERSION = 5.0;
				TARGETED_DEVICE_FAMILY = "1,2";
				TEST_HOST = "$(BUILT_PRODUCTS_DIR)/LoginDemoApp.app/$(BUNDLE_EXECUTABLE_FOLDER_PATH)/LoginDemoApp";
			};
			name = Release;
		};
		2348232D2FA9FC6B0021FDA4 /* Debug */ = {
			isa = XCBuildConfiguration;
			buildSettings = {
				ALWAYS_EMBED_SWIFT_STANDARD_LIBRARIES = YES;
				CODE_SIGN_STYLE = Automatic;
				CURRENT_PROJECT_VERSION = 1;
				DEVELOPMENT_TEAM = 9GT32B45TY;
				GENERATE_INFOPLIST_FILE = YES;
				MARKETING_VERSION = 1.0;
				PRODUCT_BUNDLE_IDENTIFIER = com.capgemini.www.LoginDemoAppUITests;
				PRODUCT_NAME = "$(TARGET_NAME)";
				SWIFT_EMIT_LOC_STRINGS = NO;
				SWIFT_VERSION = 5.0;
				TARGETED_DEVICE_FAMILY = "1,2";
				TEST_TARGET_NAME = LoginDemoApp;
			};
			name = Debug;
		};
		2348232E2FA9FC6B0021FDA4 /* Release */ = {
			isa = XCBuildConfiguration;
			buildSettings = {
				ALWAYS_EMBED_SWIFT_STANDARD_LIBRARIES = YES;
				CODE_SIGN_STYLE = Automatic;
				CURRENT_PROJECT_VERSION = 1;
				DEVELOPMENT_TEAM = 9GT32B45TY;
				GENERATE_INFOPLIST_FILE = YES;
				MARKETING_VERSION = 1.0;
				PRODUCT_BUNDLE_IDENTIFIER = com.capgemini.www.LoginDemoAppUITests;
				PRODUCT_NAME = "$(TARGET_NAME)";
				SWIFT_EMIT_LOC_STRINGS = NO;
				SWIFT_VERSION = 5.0;
				TARGETED_DEVICE_FAMILY = "1,2";
				TEST_TARGET_NAME = LoginDemoApp;
			};
			name = Release;
		};
/* End XCBuildConfiguration section */

/* Begin XCConfigurationList section */
		234822FD2FA9FC6A0021FDA4 /* Build configuration list for PBXProject "LoginDemoApp" */ = {
			isa = XCConfigurationList;
			buildConfigurations = (
				234823242FA9FC6B0021FDA4 /* Debug */,
				234823252FA9FC6B0021FDA4 /* Release */,
			);
			defaultConfigurationIsVisible = 0;
			defaultConfigurationName = Release;
		};
		234823262FA9FC6B0021FDA4 /* Build configuration list for PBXNativeTarget "LoginDemoApp" */ = {
			isa = XCConfigurationList;
			buildConfigurations = (
				234823272FA9FC6B0021FDA4 /* Debug */,
				234823282FA9FC6B0021FDA4 /* Release */,
			);
			defaultConfigurationIsVisible = 0;
			defaultConfigurationName = Release;
		};
		234823292FA9FC6B0021FDA4 /* Build configuration list for PBXNativeTarget "LoginDemoAppTests" */ = {
			isa = XCConfigurationList;
			buildConfigurations = (
				2348232A2FA9FC6B0021FDA4 /* Debug */,
				2348232B2FA9FC6B0021FDA4 /* Release */,
			);
			defaultConfigurationIsVisible = 0;
			defaultConfigurationName = Release;
		};
		2348232C2FA9FC6B0021FDA4 /* Build configuration list for PBXNativeTarget "LoginDemoAppUITests" */ = {
			isa = XCConfigurationList;
			buildConfigurations = (
				2348232D2FA9FC6B0021FDA4 /* Debug */,
				2348232E2FA9FC6B0021FDA4 /* Release */,
			);
			defaultConfigurationIsVisible = 0;
			defaultConfigurationName = Release;
		};
/* End XCConfigurationList section */
	};
	rootObject = 234822FA2FA9FC6A0021FDA4 /* Project object */;
}
